
Microsoft Visual Studio Solution File, Format Version 12.00
# Visual Studio 15
VisualStudioVersion = 15.0.27428.2015
MinimumVisualStudioVersion = 10.0.40219.1
Project("{FAE04EC0-301F-11D3-BF4B-00C04F79EFBC}") = "yyyooolo", "yyyooolo\yyyooolo.csproj", "{D1F4482B-EA7A-44F6-8FAB-9BCD5671176F}"
EndProject
Global
	GlobalSection(SolutionConfigurationPlatforms) = preSolution
		Debug|Any CPU = Debug|Any CPU
		Release|Any CPU = Release|Any CPU
	EndGlobalSection
	GlobalSection(ProjectConfigurationPlatforms) = postSolution
		{D1F4482B-EA7A-44F6-8FAB-9BCD5671176F}.Debug|Any CPU.ActiveCfg = Debug|Any CPU
		{D1F4482B-EA7A-44F6-8FAB-9BCD5671176F}.Debug|Any CPU.Build.0 = Debug|Any CPU
		{D1F4482B-EA7A-44F6-8FAB-9BCD5671176F}.Release|Any CPU.ActiveCfg = Release|Any CPU
		{D1F4482B-EA7A-44F6-8FAB-9BCD5671176F}.Release|Any CPU.Build.0 = Release|Any CPU
	EndGlobalSection
	GlobalSection(SolutionProperties) = preSolution
		HideSolutionNode = FALSE
	EndGlobalSection
	GlobalSection(ExtensibilityGlobals) = postSolution
		SolutionGuid = {AC4250FA-5BB5-48E9-9153-3141A7ECEF2C}
	EndGlobalSection
EndGlobal
